
Microsoft Visual Studio Solution File, Format Version 12.00
# Visual Studio Version 16
VisualStudioVersion = 16.0.29609.76
MinimumVisualStudioVersion = 10.0.40219.1
Project("{FAE04EC0-301F-11D3-BF4B-00C04F79EFBC}") = "Web_Proje", "Web_Proje\Web_Proje.csproj", "{5D318F95-0E0A-47D4-B4D9-EC6437629282}"
EndProject
Global
	GlobalSection(SolutionConfigurationPlatforms) = preSolution
		Debug|Any CPU = Debug|Any CPU
		Release|Any CPU = Release|Any CPU
	EndGlobalSection
	GlobalSection(ProjectConfigurationPlatforms) = postSolution
		{5D318F95-0E0A-47D4-B4D9-EC6437629282}.Debug|Any CPU.ActiveCfg = Debug|Any CPU
		{5D318F95-0E0A-47D4-B4D9-EC6437629282}.Debug|Any CPU.Build.0 = Debug|Any CPU
		{5D318F95-0E0A-47D4-B4D9-EC6437629282}.Release|Any CPU.ActiveCfg = Release|Any CPU
		{5D318F95-0E0A-47D4-B4D9-EC6437629282}.Release|Any CPU.Build.0 = Release|Any CPU
	EndGlobalSection
	GlobalSection(SolutionProperties) = preSolution
		HideSolutionNode = FALSE
	EndGlobalSection
	GlobalSection(ExtensibilityGlobals) = postSolution
		SolutionGuid = {8B260F3A-BE09-4D92-80DC-56652BB94F40}
	EndGlobalSection
EndGlobal
